
Microsoft Visual Studio Solution File, Format Version 12.00
# Visual Studio Version 17
VisualStudioVersion = 17.11.35005.142
MinimumVisualStudioVersion = 10.0.40219.1
Project("{FAE04EC0-301F-11D3-BF4B-00C04F79EFBC}") = "demo", "demo\demo.csproj", "{0E415C78-BAA2-4496-AE49-2DCAA5D142EB}"
EndProject
Project("{2150E333-8FDC-42A3-9474-1A3956D46DE8}") = "Solution Items", "Solution Items", "{F9EB25B9-38F4-47FB-BB5F-1F81852C6C50}"
	ProjectSection(SolutionItems) = preProject
		.gitignore = .gitignore
		Directory.Build.props = Directory.Build.props
		Directory.Build.targets = Directory.Build.targets
		Directory.Packages.props = Directory.Packages.props
		global.json = global.json
	EndProjectSection
EndProject
Global
	GlobalSection(SolutionConfigurationPlatforms) = preSolution
		Debug|Any CPU = Debug|Any CPU
		Release|Any CPU = Release|Any CPU
	EndGlobalSection
	GlobalSection(ProjectConfigurationPlatforms) = postSolution
		{0E415C78-BAA2-4496-AE49-2DCAA5D142EB}.Debug|Any CPU.ActiveCfg = Debug|Any CPU
		{0E415C78-BAA2-4496-AE49-2DCAA5D142EB}.Debug|Any CPU.Build.0 = Debug|Any CPU
		{0E415C78-BAA2-4496-AE49-2DCAA5D142EB}.Debug|Any CPU.Deploy.0 = Debug|Any CPU
		{0E415C78-BAA2-4496-AE49-2DCAA5D142EB}.Release|Any CPU.ActiveCfg = Release|Any CPU
		{0E415C78-BAA2-4496-AE49-2DCAA5D142EB}.Release|Any CPU.Build.0 = Release|Any CPU
		{0E415C78-BAA2-4496-AE49-2DCAA5D142EB}.Release|Any CPU.Deploy.0 = Release|Any CPU
	EndGlobalSection
	GlobalSection(SolutionProperties) = preSolution
		HideSolutionNode = FALSE
	EndGlobalSection
	GlobalSection(ExtensibilityGlobals) = postSolution
		SolutionGuid = {E287DB68-1EB8-4B87-81EC-45DB8FA5C361}
	EndGlobalSection
EndGlobal
